// !$*UTF8*$!
{
	archiveVersion = 1;
	classes = {
	};
	objectVersion = 77;
	objects = {

/* Begin PBXBuildFile section */
		00B7E516F0E47847A05586CC /* PlasticLogSection.swift in Sources */ = {isa = PBXBuildFile; fileRef = 3303094EEB011942A6699555 /* PlasticLogSection.swift */; };
		0A6670D02BC84DB8FCF7A550 /* QuizQuestion.swift in Sources */ = {isa = PBXBuildFile; fileRef = 0451C20FF9E28251F997AA7D /* QuizQuestion.swift */; };
		0AB0754207DE7BE869A3047E /* BarcodeScannerRepresentable.swift in Sources */ = {isa = PBXBuildFile; fileRef = D674DB3AB22D3452831C9DE4 /* BarcodeScannerRepresentable.swift */; };
		121B0AF89BFE50D4C68986DC /* RecycleHoopsView.swift in Sources */ = {isa = PBXBuildFile; fileRef = 8D3C0AA9DFDBC66103111389 /* RecycleHoopsView.swift */; };
		17E4992C77C7EC07AA251164 /* MainTabView.swift in Sources */ = {isa = PBXBuildFile; fileRef = 62502BA574AEF99B9005BB65 /* MainTabView.swift */; };
		1B50374FB1654DACF2D585A2 /* BarcodeScanView.swift in Sources */ = {isa = PBXBuildFile; fileRef = 8C0BEDE45A9F83A4DD1A5D11 /* BarcodeScanView.swift */; };
		1CF289C0A0CDD37DE5B1330B /* LocalStore.swift in Sources */ = {isa = PBXBuildFile; fileRef = 0F8F4DC0552D9FAC841CB0FC /* LocalStore.swift */; };
		208B41D4FDB752FAD7989B03 /* ImpactStats.swift in Sources */ = {isa = PBXBuildFile; fileRef = BA7FD6685B119885BAFF7ADB /* ImpactStats.swift */; };
		279C4834916EC0F7E415E689 /* UserProfile.swift in Sources */ = {isa = PBXBuildFile; fileRef = 36A852E8E33771EE4F080F7B /* UserProfile.swift */; };
		28467FE257896FF3019C0A40 /* PhotoScanView.swift in Sources */ = {isa = PBXBuildFile; fileRef = 80AD25481D1C4B79C56E97C9 /* PhotoScanView.swift */; };
		28C5C9AE07031BBBEA49CF8C /* WelcomeView.swift in Sources */ = {isa = PBXBuildFile; fileRef = D5673D237B1D608B09F6A7C1 /* WelcomeView.swift */; };
		2B9018A0F6D44B35A1FEA3A5 /* ContentView.swift in Sources */ = {isa = PBXBuildFile; fileRef = 372EACAE72853337EB42DDB6 /* ContentView.swift */; };
		2DE4B5A8E6AB50D7831F3F44 /* PlasticItemLibraryTests.swift in Sources */ = {isa = PBXBuildFile; fileRef = 6B1381D6641358F3FC87CCB1 /* PlasticItemLibraryTests.swift */; };
		2DE6FD7A0EC3416F6B4EA84F /* RunnerObject.swift in Sources */ = {isa = PBXBuildFile; fileRef = BBDE0F43F2FEA5AF9B3A71A1 /* RunnerObject.swift */; };
		328A3670982C550FBAC3984D /* PhotoClassifierService.swift in Sources */ = {isa = PBXBuildFile; fileRef = 4469085BAA5EBF1071D48FA1 /* PhotoClassifierService.swift */; };
		344E6F43F665F406C88C91AC /* CleanupEvent.swift in Sources */ = {isa = PBXBuildFile; fileRef = 441A67206D882934BFD3DA99 /* CleanupEvent.swift */; };
		37B89FA080EF581E3DD0FD6A /* LevelState.swift in Sources */ = {isa = PBXBuildFile; fileRef = 317AD5482C8222A1DD6DC0E0 /* LevelState.swift */; };
		39A354B0E8070AF122C8F4A5 /* ResultView.swift in Sources */ = {isa = PBXBuildFile; fileRef = 89F9D991C32EB4C924C2B4D3 /* ResultView.swift */; };
		3A483FD3F872CD4B00945411 /* StatsGrid.swift in Sources */ = {isa = PBXBuildFile; fileRef = 56B8C0CAE6908686A565BE72 /* StatsGrid.swift */; };
		4116B449AF87282D148DFCCF /* EventInviteCard.swift in Sources */ = {isa = PBXBuildFile; fileRef = 91568770BBF102F794491BF2 /* EventInviteCard.swift */; };
		45035A152703A72134443A8F /* ConfettiView.swift in Sources */ = {isa = PBXBuildFile; fileRef = C45A0F9544DA04A608FDC227 /* ConfettiView.swift */; };
		488A4656A898983686486512 /* EventDeepLink.swift in Sources */ = {isa = PBXBuildFile; fileRef = 26D36A1B0BA8BB1C56245443 /* EventDeepLink.swift */; };
		492DC06986CE6FE06402BA4F /* ScanHistoryEntry.swift in Sources */ = {isa = PBXBuildFile; fileRef = 0C0DA7C4B1969771119AF53B /* ScanHistoryEntry.swift */; };
		4CB3CA472DB080A2F244252C /* ScanActionCard.swift in Sources */ = {isa = PBXBuildFile; fileRef = EC1F965144E31ED92A81EA27 /* ScanActionCard.swift */; };
		50FC47B080C7A1C80DA7C6AE /* AppState.swift in Sources */ = {isa = PBXBuildFile; fileRef = 0512492A5A34F22D7BA6D58D /* AppState.swift */; };
		52AE88E26B422C54A09734C7 /* Theme.swift in Sources */ = {isa = PBXBuildFile; fileRef = 86233459F68C66174B615F61 /* Theme.swift */; };
		532822EA46999D82AFD94DA1 /* CreateEventSheet.swift in Sources */ = {isa = PBXBuildFile; fileRef = EC0469065037F54661B1ACE7 /* CreateEventSheet.swift */; };
		538E1825F0AEEAFB3014638A /* Badge.swift in Sources */ = {isa = PBXBuildFile; fileRef = 39150932EBD265155E72CA7B /* Badge.swift */; };
		5CC56F86CBE8C2C1651A68B8 /* Challenge.swift in Sources */ = {isa = PBXBuildFile; fileRef = 3905FFA144D7662E7B9DB68E /* Challenge.swift */; };
		5D27834810F21F7E02C3E945 /* PhotoScanCapability.swift in Sources */ = {isa = PBXBuildFile; fileRef = 9675EB36C0CAA05B2AA14961 /* PhotoScanCapability.swift */; };
		63DFA039FE48D322529DA98F /* ChallengeContent.swift in Sources */ = {isa = PBXBuildFile; fileRef = ED2AFBC4D67207F24FE1345B /* ChallengeContent.swift */; };
		645049F915266FA9B46CA9C6 /* AIEstimateService.swift in Sources */ = {isa = PBXBuildFile; fileRef = ACBF6AE4C4B80B32ABC705DD /* AIEstimateService.swift */; };
		64A1B6B42D9EDA9F516AF62D /* Assets.xcassets in Resources */ = {isa = PBXBuildFile; fileRef = CECFE2DB67AA04A4C2E008A9 /* Assets.xcassets */; };
		6790CE9826F7A5B18A34CA41 /* QuizQuestions.json in Resources */ = {isa = PBXBuildFile; fileRef = 21BD8267122F8C1B8496FD43 /* QuizQuestions.json */; };
		6C88F94F6B39A41676C6D905 /* ChallengesView.swift in Sources */ = {isa = PBXBuildFile; fileRef = E558FD48A4A78CBA3DDC39FA /* ChallengesView.swift */; };
		749D84C2FE05C4AAE6277760 /* SortThePlasticView.swift in Sources */ = {isa = PBXBuildFile; fileRef = E05963725CCCE430D6651AE1 /* SortThePlasticView.swift */; };
		7930741A89FB337D957FD7C8 /* PlasticItems.json in Resources */ = {isa = PBXBuildFile; fileRef = D564943D015013851A7AEDDE /* PlasticItems.json */; };
		7E8233CC501B9063B60A74D2 /* QuizResult.swift in Sources */ = {isa = PBXBuildFile; fileRef = 40DCC984B9FBE5F232D9BDA4 /* QuizResult.swift */; };
		82BF8B4B244B4DCB9D352A62 /* PlasticItemLibrary.swift in Sources */ = {isa = PBXBuildFile; fileRef = 209147DEB9B84E69CA1A9CA0 /* PlasticItemLibrary.swift */; };
		87EEE7FB3A7D865E29DFB07D /* RecycleRunnerView.swift in Sources */ = {isa = PBXBuildFile; fileRef = 2FC333631A1AEB77E6996CA8 /* RecycleRunnerView.swift */; };
		8B89036507905014991CA8EC /* HistoryView.swift in Sources */ = {isa = PBXBuildFile; fileRef = AB0D33CEE32CA258C55F0FCF /* HistoryView.swift */; };
		923FAB78BF3FD672FFA508A1 /* CameraCaptureRepresentable.swift in Sources */ = {isa = PBXBuildFile; fileRef = 7D73FFCFEFACADC055E7B0EA /* CameraCaptureRepresentable.swift */; };
		976B8DE53F75B6AAD00CE577 /* LevelTitles.swift in Sources */ = {isa = PBXBuildFile; fileRef = 2DDA7A5FA874F3F6BE805FE1 /* LevelTitles.swift */; };
		9B302D187AAE3C1E2C81A457 /* TrueFalseQuizView.swift in Sources */ = {isa = PBXBuildFile; fileRef = 4681F6BDCB690719C64DBFA0 /* TrueFalseQuizView.swift */; };
		AA81DF5578265EFD2B854C12 /* LearnHubView.swift in Sources */ = {isa = PBXBuildFile; fileRef = 6499046E61EA8B5A2D9169F3 /* LearnHubView.swift */; };
		BA7EF90400D49A4A590B4679 /* TidelineApp.swift in Sources */ = {isa = PBXBuildFile; fileRef = D4B47322740FB514A7C79821 /* TidelineApp.swift */; };
		BBE3BAE69FC247DDB546B11D /* GameContent.swift in Sources */ = {isa = PBXBuildFile; fileRef = BEF8D97BB4F8A53B981F94FE /* GameContent.swift */; };
		BDF25362F8FB06ED99E42555 /* TrueFalseQuestion.swift in Sources */ = {isa = PBXBuildFile; fileRef = 4CAD7D2C33E2BE68C6BB0829 /* TrueFalseQuestion.swift */; };
		BE04A895B440F57BA60B14EE /* TideScoreCard.swift in Sources */ = {isa = PBXBuildFile; fileRef = 9BCD9656FF6C87C86C9358F4 /* TideScoreCard.swift */; };
		C2CB1946CFAF754B68B1F416 /* SearchView.swift in Sources */ = {isa = PBXBuildFile; fileRef = C1ED4400CF986298762558CE /* SearchView.swift */; };
		C52F5C4DC753650ADD25A910 /* SortableItem.swift in Sources */ = {isa = PBXBuildFile; fileRef = FB4CEA464A4D0097DD65D973 /* SortableItem.swift */; };
		D0509DD972F5A7240CFDC58C /* PlasticItem.swift in Sources */ = {isa = PBXBuildFile; fileRef = 9D001E7A28681279DE437EE4 /* PlasticItem.swift */; };
		D22CDD54A2B4492D739ED9AB /* ProfileView.swift in Sources */ = {isa = PBXBuildFile; fileRef = 1DA7E22308CB5E3F559C7DFE /* ProfileView.swift */; };
		D6820042ED92639B9A290B11 /* HomeView.swift in Sources */ = {isa = PBXBuildFile; fileRef = F2492B78416CEFDC4658573B /* HomeView.swift */; };
		DB55D7E6AD8B423A8EAB07CE /* CommunityStore.swift in Sources */ = {isa = PBXBuildFile; fileRef = A83FC28405120E2E6BDF19FA /* CommunityStore.swift */; };
		E04EF09CF611D3D1A571C010 /* BaselineQuizView.swift in Sources */ = {isa = PBXBuildFile; fileRef = 146B902947F29410224CA309 /* BaselineQuizView.swift */; };
		E8191C333554557239DE5D2F /* CommunityView.swift in Sources */ = {isa = PBXBuildFile; fileRef = 0D0B5530C7CEF5434B5D15FB /* CommunityView.swift */; };
		E961ABC0E7465DFDF640FD13 /* JoinEventPromptView.swift in Sources */ = {isa = PBXBuildFile; fileRef = D8751B8581D33C9C5A0FB8CA /* JoinEventPromptView.swift */; };
		EA15B499E240D6784533B3D8 /* ScanView.swift in Sources */ = {isa = PBXBuildFile; fileRef = C129D977CF76533DB2967B00 /* ScanView.swift */; };
		F068F6ACC67CA7D4632830D3 /* BarcodeLookupService.swift in Sources */ = {isa = PBXBuildFile; fileRef = F319835947A1F11D098AF91D /* BarcodeLookupService.swift */; };
/* End PBXBuildFile section */

/* Begin PBXContainerItemProxy section */
		4C437FEF86899D8CD4A100AA /* PBXContainerItemProxy */ = {
			isa = PBXContainerItemProxy;
			containerPortal = 55FE4C66AEA69552EB8BB499 /* Project object */;
			proxyType = 1;
			remoteGlobalIDString = 248A90917FDCA68929811FFF;
			remoteInfo = Tideline;
		};
/* End PBXContainerItemProxy section */

/* Begin PBXFileReference section */
		0451C20FF9E28251F997AA7D /* QuizQuestion.swift */ = {isa = PBXFileReference; lastKnownFileType = sourcecode.swift; path = QuizQuestion.swift; sourceTree = "<group>"; };
		04EDE6604DAEF330B511B71E /* Tideline.app */ = {isa = PBXFileReference; includeInIndex = 0; lastKnownFileType = wrapper.application; path = Tideline.app; sourceTree = BUILT_PRODUCTS_DIR; };
		0512492A5A34F22D7BA6D58D /* AppState.swift */ = {isa = PBXFileReference; lastKnownFileType = sourcecode.swift; path = AppState.swift; sourceTree = "<group>"; };
		0C0DA7C4B1969771119AF53B /* ScanHistoryEntry.swift */ = {isa = PBXFileReference; lastKnownFileType = sourcecode.swift; path = ScanHistoryEntry.swift; sourceTree = "<group>"; };
		0D0B5530C7CEF5434B5D15FB /* CommunityView.swift */ = {isa = PBXFileReference; lastKnownFileType = sourcecode.swift; path = CommunityView.swift; sourceTree = "<group>"; };
		0F8F4DC0552D9FAC841CB0FC /* LocalStore.swift */ = {isa = PBXFileReference; lastKnownFileType = sourcecode.swift; path = LocalStore.swift; sourceTree = "<group>"; };
		146B902947F29410224CA309 /* BaselineQuizView.swift */ = {isa = PBXFileReference; lastKnownFileType = sourcecode.swift; path = BaselineQuizView.swift; sourceTree = "<group>"; };
		1DA7E22308CB5E3F559C7DFE /* ProfileView.swift */ = {isa = PBXFileReference; lastKnownFileType = sourcecode.swift; path = ProfileView.swift; sourceTree = "<group>"; };
		209147DEB9B84E69CA1A9CA0 /* PlasticItemLibrary.swift */ = {isa = PBXFileReference; lastKnownFileType = sourcecode.swift; path = PlasticItemLibrary.swift; sourceTree = "<group>"; };
		21BD8267122F8C1B8496FD43 /* QuizQuestions.json */ = {isa = PBXFileReference; lastKnownFileType = text.json; path = QuizQuestions.json; sourceTree = "<group>"; };
		26D36A1B0BA8BB1C56245443 /* EventDeepLink.swift */ = {isa = PBXFileReference; lastKnownFileType = sourcecode.swift; path = EventDeepLink.swift; sourceTree = "<group>"; };
		2DDA7A5FA874F3F6BE805FE1 /* LevelTitles.swift */ = {isa = PBXFileReference; lastKnownFileType = sourcecode.swift; path = LevelTitles.swift; sourceTree = "<group>"; };
		2FC333631A1AEB77E6996CA8 /* RecycleRunnerView.swift */ = {isa = PBXFileReference; lastKnownFileType = sourcecode.swift; path = RecycleRunnerView.swift; sourceTree = "<group>"; };
		317AD5482C8222A1DD6DC0E0 /* LevelState.swift */ = {isa = PBXFileReference; lastKnownFileType = sourcecode.swift; path = LevelState.swift; sourceTree = "<group>"; };
		3303094EEB011942A6699555 /* PlasticLogSection.swift */ = {isa = PBXFileReference; lastKnownFileType = sourcecode.swift; path = PlasticLogSection.swift; sourceTree = "<group>"; };
		36A852E8E33771EE4F080F7B /* UserProfile.swift */ = {isa = PBXFileReference; lastKnownFileType = sourcecode.swift; path = UserProfile.swift; sourceTree = "<group>"; };
		372EACAE72853337EB42DDB6 /* ContentView.swift */ = {isa = PBXFileReference; lastKnownFileType = sourcecode.swift; path = ContentView.swift; sourceTree = "<group>"; };
		3905FFA144D7662E7B9DB68E /* Challenge.swift */ = {isa = PBXFileReference; lastKnownFileType = sourcecode.swift; path = Challenge.swift; sourceTree = "<group>"; };
		39150932EBD265155E72CA7B /* Badge.swift */ = {isa = PBXFileReference; lastKnownFileType = sourcecode.swift; path = Badge.swift; sourceTree = "<group>"; };
		40DCC984B9FBE5F232D9BDA4 /* QuizResult.swift */ = {isa = PBXFileReference; lastKnownFileType = sourcecode.swift; path = QuizResult.swift; sourceTree = "<group>"; };
		441A67206D882934BFD3DA99 /* CleanupEvent.swift */ = {isa = PBXFileReference; lastKnownFileType = sourcecode.swift; path = CleanupEvent.swift; sourceTree = "<group>"; };
		4469085BAA5EBF1071D48FA1 /* PhotoClassifierService.swift */ = {isa = PBXFileReference; lastKnownFileType = sourcecode.swift; path = PhotoClassifierService.swift; sourceTree = "<group>"; };
		4681F6BDCB690719C64DBFA0 /* TrueFalseQuizView.swift */ = {isa = PBXFileReference; lastKnownFileType = sourcecode.swift; path = TrueFalseQuizView.swift; sourceTree = "<group>"; };
		4CAD7D2C33E2BE68C6BB0829 /* TrueFalseQuestion.swift */ = {isa = PBXFileReference; lastKnownFileType = sourcecode.swift; path = TrueFalseQuestion.swift; sourceTree = "<group>"; };
		56B8C0CAE6908686A565BE72 /* StatsGrid.swift */ = {isa = PBXFileReference; lastKnownFileType = sourcecode.swift; path = StatsGrid.swift; sourceTree = "<group>"; };
		62502BA574AEF99B9005BB65 /* MainTabView.swift */ = {isa = PBXFileReference; lastKnownFileType = sourcecode.swift; path = MainTabView.swift; sourceTree = "<group>"; };
		6499046E61EA8B5A2D9169F3 /* LearnHubView.swift */ = {isa = PBXFileReference; lastKnownFileType = sourcecode.swift; path = LearnHubView.swift; sourceTree = "<group>"; };
		6B1381D6641358F3FC87CCB1 /* PlasticItemLibraryTests.swift */ = {isa = PBXFileReference; lastKnownFileType = sourcecode.swift; path = PlasticItemLibraryTests.swift; sourceTree = "<group>"; };
		7D73FFCFEFACADC055E7B0EA /* CameraCaptureRepresentable.swift */ = {isa = PBXFileReference; lastKnownFileType = sourcecode.swift; path = CameraCaptureRepresentable.swift; sourceTree = "<group>"; };
		80AD25481D1C4B79C56E97C9 /* PhotoScanView.swift */ = {isa = PBXFileReference; lastKnownFileType = sourcecode.swift; path = PhotoScanView.swift; sourceTree = "<group>"; };
		825C81C3946EA8D6843E9B0F /* TidelineTests.xctest */ = {isa = PBXFileReference; includeInIndex = 0; lastKnownFileType = wrapper.cfbundle; path = TidelineTests.xctest; sourceTree = BUILT_PRODUCTS_DIR; };
		86233459F68C66174B615F61 /* Theme.swift */ = {isa = PBXFileReference; lastKnownFileType = sourcecode.swift; path = Theme.swift; sourceTree = "<group>"; };
		89F9D991C32EB4C924C2B4D3 /* ResultView.swift */ = {isa = PBXFileReference; lastKnownFileType = sourcecode.swift; path = ResultView.swift; sourceTree = "<group>"; };
		8C0BEDE45A9F83A4DD1A5D11 /* BarcodeScanView.swift */ = {isa = PBXFileReference; lastKnownFileType = sourcecode.swift; path = BarcodeScanView.swift; sourceTree = "<group>"; };
		8D3C0AA9DFDBC66103111389 /* RecycleHoopsView.swift */ = {isa = PBXFileReference; lastKnownFileType = sourcecode.swift; path = RecycleHoopsView.swift; sourceTree = "<group>"; };
		91568770BBF102F794491BF2 /* EventInviteCard.swift */ = {isa = PBXFileReference; lastKnownFileType = sourcecode.swift; path = EventInviteCard.swift; sourceTree = "<group>"; };
		9675EB36C0CAA05B2AA14961 /* PhotoScanCapability.swift */ = {isa = PBXFileReference; lastKnownFileType = sourcecode.swift; path = PhotoScanCapability.swift; sourceTree = "<group>"; };
		9BCD9656FF6C87C86C9358F4 /* TideScoreCard.swift */ = {isa = PBXFileReference; lastKnownFileType = sourcecode.swift; path = TideScoreCard.swift; sourceTree = "<group>"; };
		9D001E7A28681279DE437EE4 /* PlasticItem.swift */ = {isa = PBXFileReference; lastKnownFileType = sourcecode.swift; path = PlasticItem.swift; sourceTree = "<group>"; };
		A83FC28405120E2E6BDF19FA /* CommunityStore.swift */ = {isa = PBXFileReference; lastKnownFileType = sourcecode.swift; path = CommunityStore.swift; sourceTree = "<group>"; };
		AB0D33CEE32CA258C55F0FCF /* HistoryView.swift */ = {isa = PBXFileReference; lastKnownFileType = sourcecode.swift; path = HistoryView.swift; sourceTree = "<group>"; };
		ACBF6AE4C4B80B32ABC705DD /* AIEstimateService.swift */ = {isa = PBXFileReference; lastKnownFileType = sourcecode.swift; path = AIEstimateService.swift; sourceTree = "<group>"; };
		BA7FD6685B119885BAFF7ADB /* ImpactStats.swift */ = {isa = PBXFileReference; lastKnownFileType = sourcecode.swift; path = ImpactStats.swift; sourceTree = "<group>"; };
		BBDE0F43F2FEA5AF9B3A71A1 /* RunnerObject.swift */ = {isa = PBXFileReference; lastKnownFileType = sourcecode.swift; path = RunnerObject.swift; sourceTree = "<group>"; };
		BEF8D97BB4F8A53B981F94FE /* GameContent.swift */ = {isa = PBXFileReference; lastKnownFileType = sourcecode.swift; path = GameContent.swift; sourceTree = "<group>"; };
		C129D977CF76533DB2967B00 /* ScanView.swift */ = {isa = PBXFileReference; lastKnownFileType = sourcecode.swift; path = ScanView.swift; sourceTree = "<group>"; };
		C1ED4400CF986298762558CE /* SearchView.swift */ = {isa = PBXFileReference; lastKnownFileType = sourcecode.swift; path = SearchView.swift; sourceTree = "<group>"; };
		C45A0F9544DA04A608FDC227 /* ConfettiView.swift */ = {isa = PBXFileReference; lastKnownFileType = sourcecode.swift; path = ConfettiView.swift; sourceTree = "<group>"; };
		CECFE2DB67AA04A4C2E008A9 /* Assets.xcassets */ = {isa = PBXFileReference; lastKnownFileType = folder.assetcatalog; path = Assets.xcassets; sourceTree = "<group>"; };
		D4B47322740FB514A7C79821 /* TidelineApp.swift */ = {isa = PBXFileReference; lastKnownFileType = sourcecode.swift; path = TidelineApp.swift; sourceTree = "<group>"; };
		D564943D015013851A7AEDDE /* PlasticItems.json */ = {isa = PBXFileReference; lastKnownFileType = text.json; path = PlasticItems.json; sourceTree = "<group>"; };
		D5673D237B1D608B09F6A7C1 /* WelcomeView.swift */ = {isa = PBXFileReference; lastKnownFileType = sourcecode.swift; path = WelcomeView.swift; sourceTree = "<group>"; };
		D674DB3AB22D3452831C9DE4 /* BarcodeScannerRepresentable.swift */ = {isa = PBXFileReference; lastKnownFileType = sourcecode.swift; path = BarcodeScannerRepresentable.swift; sourceTree = "<group>"; };
		D8751B8581D33C9C5A0FB8CA /* JoinEventPromptView.swift */ = {isa = PBXFileReference; lastKnownFileType = sourcecode.swift; path = JoinEventPromptView.swift; sourceTree = "<group>"; };
		E05963725CCCE430D6651AE1 /* SortThePlasticView.swift */ = {isa = PBXFileReference; lastKnownFileType = sourcecode.swift; path = SortThePlasticView.swift; sourceTree = "<group>"; };
		E558FD48A4A78CBA3DDC39FA /* ChallengesView.swift */ = {isa = PBXFileReference; lastKnownFileType = sourcecode.swift; path = ChallengesView.swift; sourceTree = "<group>"; };
		EC0469065037F54661B1ACE7 /* CreateEventSheet.swift */ = {isa = PBXFileReference; lastKnownFileType = sourcecode.swift; path = CreateEventSheet.swift; sourceTree = "<group>"; };
		EC1F965144E31ED92A81EA27 /* ScanActionCard.swift */ = {isa = PBXFileReference; lastKnownFileType = sourcecode.swift; path = ScanActionCard.swift; sourceTree = "<group>"; };
		ED2AFBC4D67207F24FE1345B /* ChallengeContent.swift */ = {isa = PBXFileReference; lastKnownFileType = sourcecode.swift; path = ChallengeContent.swift; sourceTree = "<group>"; };
		F2492B78416CEFDC4658573B /* HomeView.swift */ = {isa = PBXFileReference; lastKnownFileType = sourcecode.swift; path = HomeView.swift; sourceTree = "<group>"; };
		F319835947A1F11D098AF91D /* BarcodeLookupService.swift */ = {isa = PBXFileReference; lastKnownFileType = sourcecode.swift; path = BarcodeLookupService.swift; sourceTree = "<group>"; };
		FB4CEA464A4D0097DD65D973 /* SortableItem.swift */ = {isa = PBXFileReference; lastKnownFileType = sourcecode.swift; path = SortableItem.swift; sourceTree = "<group>"; };
/* End PBXFileReference section */

/* Begin PBXGroup section */
		077E8901401AF183444E362C /* Views */ = {
			isa = PBXGroup;
			children = (
				D674DB3AB22D3452831C9DE4 /* BarcodeScannerRepresentable.swift */,
				8C0BEDE45A9F83A4DD1A5D11 /* BarcodeScanView.swift */,
				146B902947F29410224CA309 /* BaselineQuizView.swift */,
				7D73FFCFEFACADC055E7B0EA /* CameraCaptureRepresentable.swift */,
				E558FD48A4A78CBA3DDC39FA /* ChallengesView.swift */,
				0D0B5530C7CEF5434B5D15FB /* CommunityView.swift */,
				C45A0F9544DA04A608FDC227 /* ConfettiView.swift */,
				EC0469065037F54661B1ACE7 /* CreateEventSheet.swift */,
				91568770BBF102F794491BF2 /* EventInviteCard.swift */,
				AB0D33CEE32CA258C55F0FCF /* HistoryView.swift */,
				F2492B78416CEFDC4658573B /* HomeView.swift */,
				D8751B8581D33C9C5A0FB8CA /* JoinEventPromptView.swift */,
				62502BA574AEF99B9005BB65 /* MainTabView.swift */,
				80AD25481D1C4B79C56E97C9 /* PhotoScanView.swift */,
				3303094EEB011942A6699555 /* PlasticLogSection.swift */,
				1DA7E22308CB5E3F559C7DFE /* ProfileView.swift */,
				89F9D991C32EB4C924C2B4D3 /* ResultView.swift */,
				EC1F965144E31ED92A81EA27 /* ScanActionCard.swift */,
				C129D977CF76533DB2967B00 /* ScanView.swift */,
				C1ED4400CF986298762558CE /* SearchView.swift */,
				56B8C0CAE6908686A565BE72 /* StatsGrid.swift */,
				9BCD9656FF6C87C86C9358F4 /* TideScoreCard.swift */,
				D5673D237B1D608B09F6A7C1 /* WelcomeView.swift */,
				18E6EEE6CA7ED272C80CD228 /* Games */,
			);
			path = Views;
			sourceTree = "<group>";
		};
		18E6EEE6CA7ED272C80CD228 /* Games */ = {
			isa = PBXGroup;
			children = (
				6499046E61EA8B5A2D9169F3 /* LearnHubView.swift */,
				8D3C0AA9DFDBC66103111389 /* RecycleHoopsView.swift */,
				2FC333631A1AEB77E6996CA8 /* RecycleRunnerView.swift */,
				E05963725CCCE430D6651AE1 /* SortThePlasticView.swift */,
				4681F6BDCB690719C64DBFA0 /* TrueFalseQuizView.swift */,
			);
			path = Games;
			sourceTree = "<group>";
		};
		1D19CD131375BA58DE51136E = {
			isa = PBXGroup;
			children = (
				E2078C27EAAF79B9C5997D85 /* Tideline */,
				2BFBF465E50FA6057033A4B8 /* TidelineTests */,
				87818DE5B00D5AF85ACDEAC5 /* Products */,
			);
			sourceTree = "<group>";
		};
		29DB914DD21C0E40D6D4DC32 /* App */ = {
			isa = PBXGroup;
			children = (
				0512492A5A34F22D7BA6D58D /* AppState.swift */,
				372EACAE72853337EB42DDB6 /* ContentView.swift */,
				86233459F68C66174B615F61 /* Theme.swift */,
				D4B47322740FB514A7C79821 /* TidelineApp.swift */,
			);
			path = App;
			sourceTree = "<group>";
		};
		2BFBF465E50FA6057033A4B8 /* TidelineTests */ = {
			isa = PBXGroup;
			children = (
				6B1381D6641358F3FC87CCB1 /* PlasticItemLibraryTests.swift */,
			);
			path = TidelineTests;
			sourceTree = "<group>";
		};
		505821C80ACCDBFF24083D78 /* Services */ = {
			isa = PBXGroup;
			children = (
				ACBF6AE4C4B80B32ABC705DD /* AIEstimateService.swift */,
				F319835947A1F11D098AF91D /* BarcodeLookupService.swift */,
				ED2AFBC4D67207F24FE1345B /* ChallengeContent.swift */,
				A83FC28405120E2E6BDF19FA /* CommunityStore.swift */,
				26D36A1B0BA8BB1C56245443 /* EventDeepLink.swift */,
				BEF8D97BB4F8A53B981F94FE /* GameContent.swift */,
				BA7FD6685B119885BAFF7ADB /* ImpactStats.swift */,
				2DDA7A5FA874F3F6BE805FE1 /* LevelTitles.swift */,
				0F8F4DC0552D9FAC841CB0FC /* LocalStore.swift */,
				4469085BAA5EBF1071D48FA1 /* PhotoClassifierService.swift */,
				9675EB36C0CAA05B2AA14961 /* PhotoScanCapability.swift */,
				209147DEB9B84E69CA1A9CA0 /* PlasticItemLibrary.swift */,
			);
			path = Services;
			sourceTree = "<group>";
		};
		87818DE5B00D5AF85ACDEAC5 /* Products */ = {
			isa = PBXGroup;
			children = (
				04EDE6604DAEF330B511B71E /* Tideline.app */,
				825C81C3946EA8D6843E9B0F /* TidelineTests.xctest */,
			);
			name = Products;
			sourceTree = "<group>";
		};
		C7049EEAC1FBE7BF5509374F /* Models */ = {
			isa = PBXGroup;
			children = (
				39150932EBD265155E72CA7B /* Badge.swift */,
				3905FFA144D7662E7B9DB68E /* Challenge.swift */,
				441A67206D882934BFD3DA99 /* CleanupEvent.swift */,
				317AD5482C8222A1DD6DC0E0 /* LevelState.swift */,
				9D001E7A28681279DE437EE4 /* PlasticItem.swift */,
				0451C20FF9E28251F997AA7D /* QuizQuestion.swift */,
				40DCC984B9FBE5F232D9BDA4 /* QuizResult.swift */,
				BBDE0F43F2FEA5AF9B3A71A1 /* RunnerObject.swift */,
				0C0DA7C4B1969771119AF53B /* ScanHistoryEntry.swift */,
				FB4CEA464A4D0097DD65D973 /* SortableItem.swift */,
				4CAD7D2C33E2BE68C6BB0829 /* TrueFalseQuestion.swift */,
				36A852E8E33771EE4F080F7B /* UserProfile.swift */,
			);
			path = Models;
			sourceTree = "<group>";
		};
		E13E1F5B7E3691C73AE1A6A7 /* Resources */ = {
			isa = PBXGroup;
			children = (
				D564943D015013851A7AEDDE /* PlasticItems.json */,
				21BD8267122F8C1B8496FD43 /* QuizQuestions.json */,
			);
			path = Resources;
			sourceTree = "<group>";
		};
		E2078C27EAAF79B9C5997D85 /* Tideline */ = {
			isa = PBXGroup;
			children = (
				CECFE2DB67AA04A4C2E008A9 /* Assets.xcassets */,
				29DB914DD21C0E40D6D4DC32 /* App */,
				C7049EEAC1FBE7BF5509374F /* Models */,
				E13E1F5B7E3691C73AE1A6A7 /* Resources */,
				505821C80ACCDBFF24083D78 /* Services */,
				077E8901401AF183444E362C /* Views */,
			);
			path = Tideline;
			sourceTree = "<group>";
		};
/* End PBXGroup section */

/* Begin PBXNativeTarget section */
		248A90917FDCA68929811FFF /* Tideline */ = {
			isa = PBXNativeTarget;
			buildConfigurationList = E29A743E4310EB588D607E9A /* Build configuration list for PBXNativeTarget "Tideline" */;
			buildPhases = (
				C45D16DBB91E216FDE249967 /* Sources */,
				7AE3D9E67525879A11A88C2D /* Resources */,
			);
			buildRules = (
			);
			dependencies = (
			);
			name = Tideline;
			packageProductDependencies = (
			);
			productName = Tideline;
			productReference = 04EDE6604DAEF330B511B71E /* Tideline.app */;
			productType = "com.apple.product-type.application";
		};
		47C909B43BD8DDCDB10AC46F /* TidelineTests */ = {
			isa = PBXNativeTarget;
			buildConfigurationList = CFC54B7349043B75E6F52C10 /* Build configuration list for PBXNativeTarget "TidelineTests" */;
			buildPhases = (
				2BF9FF8AAD5B76782BDFD7CC /* Sources */,
			);
			buildRules = (
			);
			dependencies = (
				68773EF1D41CBFFA8B7BEC42 /* PBXTargetDependency */,
			);
			name = TidelineTests;
			packageProductDependencies = (
			);
			productName = TidelineTests;
			productReference = 825C81C3946EA8D6843E9B0F /* TidelineTests.xctest */;
			productType = "com.apple.product-type.bundle.unit-test";
		};
/* End PBXNativeTarget section */

/* Begin PBXProject section */
		55FE4C66AEA69552EB8BB499 /* Project object */ = {
			isa = PBXProject;
			attributes = {
				BuildIndependentTargetsInParallel = YES;
				LastUpgradeCheck = 1430;
				TargetAttributes = {
					248A90917FDCA68929811FFF = {
						DevelopmentTeam = "";
						ProvisioningStyle = Automatic;
					};
					47C909B43BD8DDCDB10AC46F = {
						DevelopmentTeam = "";
						ProvisioningStyle = Automatic;
					};
				};
			};
			buildConfigurationList = 2C2F453B896293C59B358396 /* Build configuration list for PBXProject "Tideline" */;
			developmentRegion = en;
			hasScannedForEncodings = 0;
			knownRegions = (
				Base,
				en,
			);
			mainGroup = 1D19CD131375BA58DE51136E;
			minimizedProjectReferenceProxies = 1;
			preferredProjectObjectVersion = 77;
			productRefGroup = 87818DE5B00D5AF85ACDEAC5 /* Products */;
			projectDirPath = "";
			projectRoot = "";
			targets = (
				248A90917FDCA68929811FFF /* Tideline */,
				47C909B43BD8DDCDB10AC46F /* TidelineTests */,
			);
		};
/* End PBXProject section */

/* Begin PBXResourcesBuildPhase section */
		7AE3D9E67525879A11A88C2D /* Resources */ = {
			isa = PBXResourcesBuildPhase;
			buildActionMask = 2147483647;
			files = (
				64A1B6B42D9EDA9F516AF62D /* Assets.xcassets in Resources */,
				7930741A89FB337D957FD7C8 /* PlasticItems.json in Resources */,
				6790CE9826F7A5B18A34CA41 /* QuizQuestions.json in Resources */,
			);
			runOnlyForDeploymentPostprocessing = 0;
		};
/* End PBXResourcesBuildPhase section */

/* Begin PBXSourcesBuildPhase section */
		2BF9FF8AAD5B76782BDFD7CC /* Sources */ = {
			isa = PBXSourcesBuildPhase;
			buildActionMask = 2147483647;
			files = (
				2DE4B5A8E6AB50D7831F3F44 /* PlasticItemLibraryTests.swift in Sources */,
			);
			runOnlyForDeploymentPostprocessing = 0;
		};
		C45D16DBB91E216FDE249967 /* Sources */ = {
			isa = PBXSourcesBuildPhase;
			buildActionMask = 2147483647;
			files = (
				645049F915266FA9B46CA9C6 /* AIEstimateService.swift in Sources */,
				50FC47B080C7A1C80DA7C6AE /* AppState.swift in Sources */,
				538E1825F0AEEAFB3014638A /* Badge.swift in Sources */,
				F068F6ACC67CA7D4632830D3 /* BarcodeLookupService.swift in Sources */,
				1B50374FB1654DACF2D585A2 /* BarcodeScanView.swift in Sources */,
				0AB0754207DE7BE869A3047E /* BarcodeScannerRepresentable.swift in Sources */,
				E04EF09CF611D3D1A571C010 /* BaselineQuizView.swift in Sources */,
				923FAB78BF3FD672FFA508A1 /* CameraCaptureRepresentable.swift in Sources */,
				5CC56F86CBE8C2C1651A68B8 /* Challenge.swift in Sources */,
				63DFA039FE48D322529DA98F /* ChallengeContent.swift in Sources */,
				6C88F94F6B39A41676C6D905 /* ChallengesView.swift in Sources */,
				344E6F43F665F406C88C91AC /* CleanupEvent.swift in Sources */,
				DB55D7E6AD8B423A8EAB07CE /* CommunityStore.swift in Sources */,
				E8191C333554557239DE5D2F /* CommunityView.swift in Sources */,
				45035A152703A72134443A8F /* ConfettiView.swift in Sources */,
				2B9018A0F6D44B35A1FEA3A5 /* ContentView.swift in Sources */,
				532822EA46999D82AFD94DA1 /* CreateEventSheet.swift in Sources */,
				488A4656A898983686486512 /* EventDeepLink.swift in Sources */,
				4116B449AF87282D148DFCCF /* EventInviteCard.swift in Sources */,
				BBE3BAE69FC247DDB546B11D /* GameContent.swift in Sources */,
				8B89036507905014991CA8EC /* HistoryView.swift in Sources */,
				D6820042ED92639B9A290B11 /* HomeView.swift in Sources */,
				208B41D4FDB752FAD7989B03 /* ImpactStats.swift in Sources */,
				E961ABC0E7465DFDF640FD13 /* JoinEventPromptView.swift in Sources */,
				AA81DF5578265EFD2B854C12 /* LearnHubView.swift in Sources */,
				37B89FA080EF581E3DD0FD6A /* LevelState.swift in Sources */,
				976B8DE53F75B6AAD00CE577 /* LevelTitles.swift in Sources */,
				1CF289C0A0CDD37DE5B1330B /* LocalStore.swift in Sources */,
				17E4992C77C7EC07AA251164 /* MainTabView.swift in Sources */,
				328A3670982C550FBAC3984D /* PhotoClassifierService.swift in Sources */,
				5D27834810F21F7E02C3E945 /* PhotoScanCapability.swift in Sources */,
				28467FE257896FF3019C0A40 /* PhotoScanView.swift in Sources */,
				D0509DD972F5A7240CFDC58C /* PlasticItem.swift in Sources */,
				82BF8B4B244B4DCB9D352A62 /* PlasticItemLibrary.swift in Sources */,
				00B7E516F0E47847A05586CC /* PlasticLogSection.swift in Sources */,
				D22CDD54A2B4492D739ED9AB /* ProfileView.swift in Sources */,
				0A6670D02BC84DB8FCF7A550 /* QuizQuestion.swift in Sources */,
				7E8233CC501B9063B60A74D2 /* QuizResult.swift in Sources */,
				121B0AF89BFE50D4C68986DC /* RecycleHoopsView.swift in Sources */,
				87EEE7FB3A7D865E29DFB07D /* RecycleRunnerView.swift in Sources */,
				39A354B0E8070AF122C8F4A5 /* ResultView.swift in Sources */,
				2DE6FD7A0EC3416F6B4EA84F /* RunnerObject.swift in Sources */,
				4CB3CA472DB080A2F244252C /* ScanActionCard.swift in Sources */,
				492DC06986CE6FE06402BA4F /* ScanHistoryEntry.swift in Sources */,
				EA15B499E240D6784533B3D8 /* ScanView.swift in Sources */,
				C2CB1946CFAF754B68B1F416 /* SearchView.swift in Sources */,
				749D84C2FE05C4AAE6277760 /* SortThePlasticView.swift in Sources */,
				C52F5C4DC753650ADD25A910 /* SortableItem.swift in Sources */,
				3A483FD3F872CD4B00945411 /* StatsGrid.swift in Sources */,
				52AE88E26B422C54A09734C7 /* Theme.swift in Sources */,
				BE04A895B440F57BA60B14EE /* TideScoreCard.swift in Sources */,
				BA7EF90400D49A4A590B4679 /* TidelineApp.swift in Sources */,
				BDF25362F8FB06ED99E42555 /* TrueFalseQuestion.swift in Sources */,
				9B302D187AAE3C1E2C81A457 /* TrueFalseQuizView.swift in Sources */,
				279C4834916EC0F7E415E689 /* UserProfile.swift in Sources */,
				28C5C9AE07031BBBEA49CF8C /* WelcomeView.swift in Sources */,
			);
			runOnlyForDeploymentPostprocessing = 0;
		};
/* End PBXSourcesBuildPhase section */

/* Begin PBXTargetDependency section */
		68773EF1D41CBFFA8B7BEC42 /* PBXTargetDependency */ = {
			isa = PBXTargetDependency;
			target = 248A90917FDCA68929811FFF /* Tideline */;
			targetProxy = 4C437FEF86899D8CD4A100AA /* PBXContainerItemProxy */;
		};
/* End PBXTargetDependency section */

/* Begin XCBuildConfiguration section */
		545F901B1356FD9499E7A3E4 /* Release */ = {
			isa = XCBuildConfiguration;
			buildSettings = {
				ALWAYS_SEARCH_USER_PATHS = NO;
				CLANG_ANALYZER_NONNULL = YES;
				CLANG_ANALYZER_NUMBER_OBJECT_CONVERSION = YES_AGGRESSIVE;
				CLANG_CXX_LANGUAGE_STANDARD = "gnu++14";
				CLANG_CXX_LIBRARY = "libc++";
				CLANG_ENABLE_MODULES = YES;
				CLANG_ENABLE_OBJC_ARC = YES;
				CLANG_ENABLE_OBJC_WEAK = YES;
				CLANG_WARN_BLOCK_CAPTURE_AUTORELEASING = YES;
				CLANG_WARN_BOOL_CONVERSION = YES;
				CLANG_WARN_COMMA = YES;
				CLANG_WARN_CONSTANT_CONVERSION = YES;
				CLANG_WARN_DEPRECATED_OBJC_IMPLEMENTATIONS = YES;
				CLANG_WARN_DIRECT_OBJC_ISA_USAGE = YES_ERROR;
				CLANG_WARN_DOCUMENTATION_COMMENTS = YES;
				CLANG_WARN_EMPTY_BODY = YES;
				CLANG_WARN_ENUM_CONVERSION = YES;
				CLANG_WARN_INFINITE_RECURSION = YES;
				CLANG_WARN_INT_CONVERSION = YES;
				CLANG_WARN_NON_LITERAL_NULL_CONVERSION = YES;
				CLANG_WARN_OBJC_IMPLICIT_RETAIN_SELF = YES;
				CLANG_WARN_OBJC_LITERAL_CONVERSION = YES;
				CLANG_WARN_OBJC_ROOT_CLASS = YES_ERROR;
				CLANG_WARN_QUOTED_INCLUDE_IN_FRAMEWORK_HEADER = YES;
				CLANG_WARN_RANGE_LOOP_ANALYSIS = YES;
				CLANG_WARN_STRICT_PROTOTYPES = YES;
				CLANG_WARN_SUSPICIOUS_MOVE = YES;
				CLANG_WARN_UNGUARDED_AVAILABILITY = YES_AGGRESSIVE;
				CLANG_WARN_UNREACHABLE_CODE = YES;
				CLANG_WARN__DUPLICATE_METHOD_MATCH = YES;
				CODE_SIGN_STYLE = Automatic;
				COPY_PHASE_STRIP = NO;
				DEBUG_INFORMATION_FORMAT = "dwarf-with-dsym";
				DEVELOPMENT_TEAM = "";
				ENABLE_NS_ASSERTIONS = NO;
				ENABLE_STRICT_OBJC_MSGSEND = YES;
				GCC_C_LANGUAGE_STANDARD = gnu11;
				GCC_NO_COMMON_BLOCKS = YES;
				GCC_WARN_64_TO_32_BIT_CONVERSION = YES;
				GCC_WARN_ABOUT_RETURN_TYPE = YES_ERROR;
				GCC_WARN_UNDECLARED_SELECTOR = YES;
				GCC_WARN_UNINITIALIZED_AUTOS = YES_AGGRESSIVE;
				GCC_WARN_UNUSED_FUNCTION = YES;
				GCC_WARN_UNUSED_VARIABLE = YES;
				IPHONEOS_DEPLOYMENT_TARGET = 17.0;
				MTL_ENABLE_DEBUG_INFO = NO;
				MTL_FAST_MATH = YES;
				PRODUCT_NAME = "$(TARGET_NAME)";
				SDKROOT = iphoneos;
				SWIFT_COMPILATION_MODE = wholemodule;
				SWIFT_OPTIMIZATION_LEVEL = "-O";
				SWIFT_VERSION = 5.0;
			};
			name = Release;
		};
		5E13D652B73163279C253CB1 /* Debug */ = {
			isa = XCBuildConfiguration;
			buildSettings = {
				BUNDLE_LOADER = "$(TEST_HOST)";
				GENERATE_INFOPLIST_FILE = YES;
				IPHONEOS_DEPLOYMENT_TARGET = 17.0;
				LD_RUNPATH_SEARCH_PATHS = (
					"$(inherited)",
					"@executable_path/Frameworks",
					"@loader_path/Frameworks",
				);
				PRODUCT_BUNDLE_IDENTIFIER = com.tideline.app.tests;
				SDKROOT = iphoneos;
				TARGETED_DEVICE_FAMILY = "1,2";
				TEST_HOST = "$(BUILT_PRODUCTS_DIR)/Tideline.app/Tideline";
			};
			name = Debug;
		};
		693E68AA4C8E779E849F7EB8 /* Release */ = {
			isa = XCBuildConfiguration;
			buildSettings = {
				ASSETCATALOG_COMPILER_APPICON_NAME = AppIcon;
				ASSETCATALOG_COMPILER_GLOBAL_ACCENT_COLOR_NAME = AccentColor;
				CODE_SIGN_IDENTITY = "iPhone Developer";
				CURRENT_PROJECT_VERSION = 1;
				INFOPLIST_FILE = "Generated/Tideline-Info.plist";
				IPHONEOS_DEPLOYMENT_TARGET = 17.0;
				LD_RUNPATH_SEARCH_PATHS = (
					"$(inherited)",
					"@executable_path/Frameworks",
				);
				MARKETING_VERSION = 1.0;
				PRODUCT_BUNDLE_IDENTIFIER = com.tideline.app;
				SDKROOT = iphoneos;
				TARGETED_DEVICE_FAMILY = "1,2";
			};
			name = Release;
		};
		8A7365A9F1007C2F0F4C25C0 /* Release */ = {
			isa = XCBuildConfiguration;
			buildSettings = {
				BUNDLE_LOADER = "$(TEST_HOST)";
				GENERATE_INFOPLIST_FILE = YES;
				IPHONEOS_DEPLOYMENT_TARGET = 17.0;
				LD_RUNPATH_SEARCH_PATHS = (
					"$(inherited)",
					"@executable_path/Frameworks",
					"@loader_path/Frameworks",
				);
				PRODUCT_BUNDLE_IDENTIFIER = com.tideline.app.tests;
				SDKROOT = iphoneos;
				TARGETED_DEVICE_FAMILY = "1,2";
				TEST_HOST = "$(BUILT_PRODUCTS_DIR)/Tideline.app/Tideline";
			};
			name = Release;
		};
		E5CC119DA2EB2AD3398A95F9 /* Debug */ = {
			isa = XCBuildConfiguration;
			buildSettings = {
				ALWAYS_SEARCH_USER_PATHS = NO;
				CLANG_ANALYZER_NONNULL = YES;
				CLANG_ANALYZER_NUMBER_OBJECT_CONVERSION = YES_AGGRESSIVE;
				CLANG_CXX_LANGUAGE_STANDARD = "gnu++14";
				CLANG_CXX_LIBRARY = "libc++";
				CLANG_ENABLE_MODULES = YES;
				CLANG_ENABLE_OBJC_ARC = YES;
				CLANG_ENABLE_OBJC_WEAK = YES;
				CLANG_WARN_BLOCK_CAPTURE_AUTORELEASING = YES;
				CLANG_WARN_BOOL_CONVERSION = YES;
				CLANG_WARN_COMMA = YES;
				CLANG_WARN_CONSTANT_CONVERSION = YES;
				CLANG_WARN_DEPRECATED_OBJC_IMPLEMENTATIONS = YES;
				CLANG_WARN_DIRECT_OBJC_ISA_USAGE = YES_ERROR;
				CLANG_WARN_DOCUMENTATION_COMMENTS = YES;
				CLANG_WARN_EMPTY_BODY = YES;
				CLANG_WARN_ENUM_CONVERSION = YES;
				CLANG_WARN_INFINITE_RECURSION = YES;
				CLANG_WARN_INT_CONVERSION = YES;
				CLANG_WARN_NON_LITERAL_NULL_CONVERSION = YES;
				CLANG_WARN_OBJC_IMPLICIT_RETAIN_SELF = YES;
				CLANG_WARN_OBJC_LITERAL_CONVERSION = YES;
				CLANG_WARN_OBJC_ROOT_CLASS = YES_ERROR;
				CLANG_WARN_QUOTED_INCLUDE_IN_FRAMEWORK_HEADER = YES;
				CLANG_WARN_RANGE_LOOP_ANALYSIS = YES;
				CLANG_WARN_STRICT_PROTOTYPES = YES;
				CLANG_WARN_SUSPICIOUS_MOVE = YES;
				CLANG_WARN_UNGUARDED_AVAILABILITY = YES_AGGRESSIVE;
				CLANG_WARN_UNREACHABLE_CODE = YES;
				CLANG_WARN__DUPLICATE_METHOD_MATCH = YES;
				CODE_SIGN_STYLE = Automatic;
				COPY_PHASE_STRIP = NO;
				DEBUG_INFORMATION_FORMAT = dwarf;
				DEVELOPMENT_TEAM = "";
				ENABLE_STRICT_OBJC_MSGSEND = YES;
				ENABLE_TESTABILITY = YES;
				GCC_C_LANGUAGE_STANDARD = gnu11;
				GCC_DYNAMIC_NO_PIC = NO;
				GCC_NO_COMMON_BLOCKS = YES;
				GCC_OPTIMIZATION_LEVEL = 0;
				GCC_PREPROCESSOR_DEFINITIONS = (
					"$(inherited)",
					"DEBUG=1",
				);
				GCC_WARN_64_TO_32_BIT_CONVERSION = YES;
				GCC_WARN_ABOUT_RETURN_TYPE = YES_ERROR;
				GCC_WARN_UNDECLARED_SELECTOR = YES;
				GCC_WARN_UNINITIALIZED_AUTOS = YES_AGGRESSIVE;
				GCC_WARN_UNUSED_FUNCTION = YES;
				GCC_WARN_UNUSED_VARIABLE = YES;
				IPHONEOS_DEPLOYMENT_TARGET = 17.0;
				MTL_ENABLE_DEBUG_INFO = INCLUDE_SOURCE;
				MTL_FAST_MATH = YES;
				ONLY_ACTIVE_ARCH = YES;
				PRODUCT_NAME = "$(TARGET_NAME)";
				SDKROOT = iphoneos;
				SWIFT_ACTIVE_COMPILATION_CONDITIONS = DEBUG;
				SWIFT_OPTIMIZATION_LEVEL = "-Onone";
				SWIFT_VERSION = 5.0;
			};
			name = Debug;
		};
		EFDCAC2A1CFF037C5228CB9E /* Debug */ = {
			isa = XCBuildConfiguration;
			buildSettings = {
				ASSETCATALOG_COMPILER_APPICON_NAME = AppIcon;
				ASSETCATALOG_COMPILER_GLOBAL_ACCENT_COLOR_NAME = AccentColor;
				CODE_SIGN_IDENTITY = "iPhone Developer";
				CURRENT_PROJECT_VERSION = 1;
				INFOPLIST_FILE = "Generated/Tideline-Info.plist";
				IPHONEOS_DEPLOYMENT_TARGET = 17.0;
				LD_RUNPATH_SEARCH_PATHS = (
					"$(inherited)",
					"@executable_path/Frameworks",
				);
				MARKETING_VERSION = 1.0;
				PRODUCT_BUNDLE_IDENTIFIER = com.tideline.app;
				SDKROOT = iphoneos;
				TARGETED_DEVICE_FAMILY = "1,2";
			};
			name = Debug;
		};
/* End XCBuildConfiguration section */

/* Begin XCConfigurationList section */
		2C2F453B896293C59B358396 /* Build configuration list for PBXProject "Tideline" */ = {
			isa = XCConfigurationList;
			buildConfigurations = (
				E5CC119DA2EB2AD3398A95F9 /* Debug */,
				545F901B1356FD9499E7A3E4 /* Release */,
			);
			defaultConfigurationIsVisible = 0;
			defaultConfigurationName = Debug;
		};
		CFC54B7349043B75E6F52C10 /* Build configuration list for PBXNativeTarget "TidelineTests" */ = {
			isa = XCConfigurationList;
			buildConfigurations = (
				5E13D652B73163279C253CB1 /* Debug */,
				8A7365A9F1007C2F0F4C25C0 /* Release */,
			);
			defaultConfigurationIsVisible = 0;
			defaultConfigurationName = Debug;
		};
		E29A743E4310EB588D607E9A /* Build configuration list for PBXNativeTarget "Tideline" */ = {
			isa = XCConfigurationList;
			buildConfigurations = (
				EFDCAC2A1CFF037C5228CB9E /* Debug */,
				693E68AA4C8E779E849F7EB8 /* Release */,
			);
			defaultConfigurationIsVisible = 0;
			defaultConfigurationName = Debug;
		};
/* End XCConfigurationList section */
	};
	rootObject = 55FE4C66AEA69552EB8BB499 /* Project object */;
}
